
Microsoft Visual Studio Solution File, Format Version 12.00
# Visual Studio Version 16
VisualStudioVersion = 16.0.29411.108
MinimumVisualStudioVersion = 10.0.40219.1
Project("{888888A0-9F3D-457C-B088-3A5042F75D52}") = "5.2 Katya", "5.2 Katya\5.2 Katya.pyproj", "{77158013-A632-4EB6-B5EE-EDBEB903FE42}"
EndProject
Global
	GlobalSection(SolutionConfigurationPlatforms) = preSolution
		Debug|Any CPU = Debug|Any CPU
		Release|Any CPU = Release|Any CPU
	EndGlobalSection
	GlobalSection(ProjectConfigurationPlatforms) = postSolution
		{77158013-A632-4EB6-B5EE-EDBEB903FE42}.Debug|Any CPU.ActiveCfg = Debug|Any CPU
		{77158013-A632-4EB6-B5EE-EDBEB903FE42}.Release|Any CPU.ActiveCfg = Release|Any CPU
	EndGlobalSection
	GlobalSection(SolutionProperties) = preSolution
		HideSolutionNode = FALSE
	EndGlobalSection
	GlobalSection(ExtensibilityGlobals) = postSolution
		SolutionGuid = {9F68944F-1D46-4D9F-B132-59DF2D008829}
	EndGlobalSection
EndGlobal
